PODS:
  - KYDrawerController (2.1.0)

DEPENDENCIES:
  - KYDrawerController

SPEC REPOS:
  https://github.com/cocoapods/specs.git:
    - KYDrawerController

SPEC CHECKSUMS:
  KYDrawerController: baad0e63b09c0cb564bd48f0f7f70f45d9176ebc

PODFILE CHECKSUM: 294535197f2fbcff5b9866c74298925a4b5579b3

COCOAPODS: 1.7.0.beta.2
