// !$*UTF8*$!
{
	archiveVersion = 1;
	classes = {
	};
	objectVersion = 50;
	objects = {

/* Begin PBXBuildFile section */
		339D1237E126083F4E7766BC /* libPods-swiftplay.a in Frameworks */ = {isa = PBXBuildFile; fileRef = 25044D9D977DA58B8D378661 /* libPods-swiftplay.a */; };
		890AC1A022BA206A00391145 /* AppDelegate.swift in Sources */ = {isa = PBXBuildFile; fileRef = 890AC19F22BA206A00391145 /* AppDelegate.swift */; };
		890AC1A222BA206A00391145 /* ViewController.swift in Sources */ = {isa = PBXBuildFile; fileRef = 890AC1A122BA206A00391145 /* ViewController.swift */; };
		890AC1A722BA206C00391145 /* Assets.xcassets in Resources */ = {isa = PBXBuildFile; fileRef = 890AC1A622BA206C00391145 /* Assets.xcassets */; };
		890AC1AA22BA206C00391145 /* LaunchScreen.storyboard in Resources */ = {isa = PBXBuildFile; fileRef = 890AC1A822BA206C00391145 /* LaunchScreen.storyboard */; };
		8915144E22BA21D00095C3AD /* BaseVc.swift in Sources */ = {isa = PBXBuildFile; fileRef = 8915144D22BA21D00095C3AD /* BaseVc.swift */; };
		8915145222BA43D60095C3AD /* Const.swift in Sources */ = {isa = PBXBuildFile; fileRef = 8915145122BA43D50095C3AD /* Const.swift */; };
		8915145422BA456E0095C3AD /* XRect.swift in Sources */ = {isa = PBXBuildFile; fileRef = 8915145322BA456E0095C3AD /* XRect.swift */; };
		8915145622BA561A0095C3AD /* ExColours.swift in Sources */ = {isa = PBXBuildFile; fileRef = 8915145522BA561A0095C3AD /* ExColours.swift */; };
/* End PBXBuildFile section */

/* Begin PBXFileReference section */
		25044D9D977DA58B8D378661 /* libPods-swiftplay.a */ = {isa = PBXFileReference; explicitFileType = archive.ar; includeInIndex = 0; path = "libPods-swiftplay.a"; sourceTree = BUILT_PRODUCTS_DIR; };
		890AC19C22BA206A00391145 /* swiftplay.app */ = {isa = PBXFileReference; explicitFileType = wrapper.application; includeInIndex = 0; path = swiftplay.app; sourceTree = BUILT_PRODUCTS_DIR; };
		890AC19F22BA206A00391145 /* AppDelegate.swift */ = {isa = PBXFileReference; lastKnownFileType = sourcecode.swift; path = AppDelegate.swift; sourceTree = "<group>"; };
		890AC1A122BA206A00391145 /* ViewController.swift */ = {isa = PBXFileReference; lastKnownFileType = sourcecode.swift; path = ViewController.swift; sourceTree = "<group>"; };
		890AC1A622BA206C00391145 /* Assets.xcassets */ = {isa = PBXFileReference; lastKnownFileType = folder.assetcatalog; path = Assets.xcassets; sourceTree = "<group>"; };
		890AC1A922BA206C00391145 /* Base */ = {isa = PBXFileReference; lastKnownFileType = file.storyboard; name = Base; path = Base.lproj/LaunchScreen.storyboard; sourceTree = "<group>"; };
		890AC1AB22BA206C00391145 /* Info.plist */ = {isa = PBXFileReference; lastKnownFileType = text.plist.xml; path = Info.plist; sourceTree = "<group>"; };
		8915144D22BA21D00095C3AD /* BaseVc.swift */ = {isa = PBXFileReference; fileEncoding = 4; lastKnownFileType = sourcecode.swift; path = BaseVc.swift; sourceTree = "<group>"; };
		8915145122BA43D50095C3AD /* Const.swift */ = {isa = PBXFileReference; fileEncoding = 4; lastKnownFileType = sourcecode.swift; path = Const.swift; sourceTree = "<group>"; };
		8915145322BA456E0095C3AD /* XRect.swift */ = {isa = PBXFileReference; lastKnownFileType = sourcecode.swift; path = XRect.swift; sourceTree = "<group>"; };
		8915145522BA561A0095C3AD /* ExColours.swift */ = {isa = PBXFileReference; lastKnownFileType = sourcecode.swift; path = ExColours.swift; sourceTree = "<group>"; };
		D32526880F06A23A47DCF993 /* Pods-swiftplay.debug.xcconfig */ = {isa = PBXFileReference; includeInIndex = 1; lastKnownFileType = text.xcconfig; name = "Pods-swiftplay.debug.xcconfig"; path = "Target Support Files/Pods-swiftplay/Pods-swiftplay.debug.xcconfig"; sourceTree = "<group>"; };
		E54634930195A385001C927A /* Pods-swiftplay.release.xcconfig */ = {isa = PBXFileReference; includeInIndex = 1; lastKnownFileType = text.xcconfig; name = "Pods-swiftplay.release.xcconfig"; path = "Target Support Files/Pods-swiftplay/Pods-swiftplay.release.xcconfig"; sourceTree = "<group>"; };
/* End PBXFileReference section */

/* Begin PBXFrameworksBuildPhase section */
		890AC19922BA206A00391145 /* Frameworks */ = {
			isa = PBXFrameworksBuildPhase;
			buildActionMask = 2147483647;
			files = (
				339D1237E126083F4E7766BC /* libPods-swiftplay.a in Frameworks */,
			);
			runOnlyForDeploymentPostprocessing = 0;
		};
/* End PBXFrameworksBuildPhase section */

/* Begin PBXGroup section */
		752AD6236319F7FB13B5F08F /* Pods */ = {
			isa = PBXGroup;
			children = (
				D32526880F06A23A47DCF993 /* Pods-swiftplay.debug.xcconfig */,
				E54634930195A385001C927A /* Pods-swiftplay.release.xcconfig */,
			);
			path = Pods;
			sourceTree = "<group>";
		};
		890AC19322BA206A00391145 = {
			isa = PBXGroup;
			children = (
				890AC19E22BA206A00391145 /* swiftplay */,
				890AC19D22BA206A00391145 /* Products */,
				752AD6236319F7FB13B5F08F /* Pods */,
				D2023523A731FCFC7A725AB3 /* Frameworks */,
			);
			sourceTree = "<group>";
		};
		890AC19D22BA206A00391145 /* Products */ = {
			isa = PBXGroup;
			children = (
				890AC19C22BA206A00391145 /* swiftplay.app */,
			);
			name = Products;
			sourceTree = "<group>";
		};
		890AC19E22BA206A00391145 /* swiftplay */ = {
			isa = PBXGroup;
			children = (
				8915144C22BA21010095C3AD /* utils */,
				890AC19F22BA206A00391145 /* AppDelegate.swift */,
				890AC1A122BA206A00391145 /* ViewController.swift */,
				890AC1A622BA206C00391145 /* Assets.xcassets */,
				890AC1A822BA206C00391145 /* LaunchScreen.storyboard */,
				890AC1AB22BA206C00391145 /* Info.plist */,
			);
			path = swiftplay;
			sourceTree = "<group>";
		};
		8915144C22BA21010095C3AD /* utils */ = {
			isa = PBXGroup;
			children = (
				8915145122BA43D50095C3AD /* Const.swift */,
				8915144D22BA21D00095C3AD /* BaseVc.swift */,
				8915145322BA456E0095C3AD /* XRect.swift */,
				8915145522BA561A0095C3AD /* ExColours.swift */,
			);
			path = utils;
			sourceTree = "<group>";
		};
		D2023523A731FCFC7A725AB3 /* Frameworks */ = {
			isa = PBXGroup;
			children = (
				25044D9D977DA58B8D378661 /* libPods-swiftplay.a */,
			);
			name = Frameworks;
			sourceTree = "<group>";
		};
/* End PBXGroup section */

/* Begin PBXNativeTarget section */
		890AC19B22BA206A00391145 /* swiftplay */ = {
			isa = PBXNativeTarget;
			buildConfigurationList = 890AC1AE22BA206C00391145 /* Build configuration list for PBXNativeTarget "swiftplay" */;
			buildPhases = (
				BBBE39926C9361860E62CADE /* [CP] Check Pods Manifest.lock */,
				890AC19822BA206A00391145 /* Sources */,
				890AC19922BA206A00391145 /* Frameworks */,
				890AC19A22BA206A00391145 /* Resources */,
			);
			buildRules = (
			);
			dependencies = (
			);
			name = swiftplay;
			productName = swiftplay;
			productReference = 890AC19C22BA206A00391145 /* swiftplay.app */;
			productType = "com.apple.product-type.application";
		};
/* End PBXNativeTarget section */

/* Begin PBXProject section */
		890AC19422BA206A00391145 /* Project object */ = {
			isa = PBXProject;
			attributes = {
				LastSwiftUpdateCheck = 1020;
				LastUpgradeCheck = 1020;
				ORGANIZATIONNAME = exterminal;
				TargetAttributes = {
					890AC19B22BA206A00391145 = {
						CreatedOnToolsVersion = 10.2.1;
					};
				};
			};
			buildConfigurationList = 890AC19722BA206A00391145 /* Build configuration list for PBXProject "swiftplay" */;
			compatibilityVersion = "Xcode 9.3";
			developmentRegion = en;
			hasScannedForEncodings = 0;
			knownRegions = (
				en,
				Base,
			);
			mainGroup = 890AC19322BA206A00391145;
			productRefGroup = 890AC19D22BA206A00391145 /* Products */;
			projectDirPath = "";
			projectRoot = "";
			targets = (
				890AC19B22BA206A00391145 /* swiftplay */,
			);
		};
/* End PBXProject section */

/* Begin PBXResourcesBuildPhase section */
		890AC19A22BA206A00391145 /* Resources */ = {
			isa = PBXResourcesBuildPhase;
			buildActionMask = 2147483647;
			files = (
				890AC1AA22BA206C00391145 /* LaunchScreen.storyboard in Resources */,
				890AC1A722BA206C00391145 /* Assets.xcassets in Resources */,
			);
			runOnlyForDeploymentPostprocessing = 0;
		};
/* End PBXResourcesBuildPhase section */

/* Begin PBXShellScriptBuildPhase section */
		BBBE39926C9361860E62CADE /* [CP] Check Pods Manifest.lock */ = {
			isa = PBXShellScriptBuildPhase;
			buildActionMask = 2147483647;
			files = (
			);
			inputFileListPaths = (
			);
			inputPaths = (
				"${PODS_PODFILE_DIR_PATH}/Podfile.lock",
				"${PODS_ROOT}/Manifest.lock",
			);
			name = "[CP] Check Pods Manifest.lock";
			outputFileListPaths = (
			);
			outputPaths = (
				"$(DERIVED_FILE_DIR)/Pods-swiftplay-checkManifestLockResult.txt",
			);
			runOnlyForDeploymentPostprocessing = 0;
			shellPath = /bin/sh;
			shellScript = "diff \"${PODS_PODFILE_DIR_PATH}/Podfile.lock\" \"${PODS_ROOT}/Manifest.lock\" > /dev/null\nif [ $? != 0 ] ; then\n    # print error to STDERR\n    echo \"error: The sandbox is not in sync with the Podfile.lock. Run 'pod install' or update your CocoaPods installation.\" >&2\n    exit 1\nfi\n# This output is used by Xcode 'outputs' to avoid re-running this script phase.\necho \"SUCCESS\" > \"${SCRIPT_OUTPUT_FILE_0}\"\n";
			showEnvVarsInLog = 0;
		};
/* End PBXShellScriptBuildPhase section */

/* Begin PBXSourcesBuildPhase section */
		890AC19822BA206A00391145 /* Sources */ = {
			isa = PBXSourcesBuildPhase;
			buildActionMask = 2147483647;
			files = (
				890AC1A222BA206A00391145 /* ViewController.swift in Sources */,
				8915144E22BA21D00095C3AD /* BaseVc.swift in Sources */,
				890AC1A022BA206A00391145 /* AppDelegate.swift in Sources */,
				8915145222BA43D60095C3AD /* Const.swift in Sources */,
				8915145622BA561A0095C3AD /* ExColours.swift in Sources */,
				8915145422BA456E0095C3AD /* XRect.swift in Sources */,
			);
			runOnlyForDeploymentPostprocessing = 0;
		};
/* End PBXSourcesBuildPhase section */

/* Begin PBXVariantGroup section */
		890AC1A822BA206C00391145 /* LaunchScreen.storyboard */ = {
			isa = PBXVariantGroup;
			children = (
				890AC1A922BA206C00391145 /* Base */,
			);
			name = LaunchScreen.storyboard;
			sourceTree = "<group>";
		};
/* End PBXVariantGroup section */

/* Begin XCBuildConfiguration section */
		890AC1AC22BA206C00391145 /* Debug */ = {
			isa = XCBuildConfiguration;
			buildSettings = {
				ALWAYS_SEARCH_USER_PATHS = NO;
				CLANG_ANALYZER_NONNULL = YES;
				CLANG_ANALYZER_NUMBER_OBJECT_CONVERSION = YES_AGGRESSIVE;
				CLANG_CXX_LANGUAGE_STANDARD = "gnu++14";
				CLANG_CXX_LIBRARY = "libc++";
				CLANG_ENABLE_MODULES = YES;
				CLANG_ENABLE_OBJC_ARC = YES;
				CLANG_ENABLE_OBJC_WEAK = YES;
				CLANG_WARN_BLOCK_CAPTURE_AUTORELEASING = YES;
				CLANG_WARN_BOOL_CONVERSION = YES;
				CLANG_WARN_COMMA = YES;
				CLANG_WARN_CONSTANT_CONVERSION = YES;
				CLANG_WARN_DEPRECATED_OBJC_IMPLEMENTATIONS = YES;
				CLANG_WARN_DIRECT_OBJC_ISA_USAGE = YES_ERROR;
				CLANG_WARN_DOCUMENTATION_COMMENTS = YES;
				CLANG_WARN_EMPTY_BODY = YES;
				CLANG_WARN_ENUM_CONVERSION = YES;
				CLANG_WARN_INFINITE_RECURSION = YES;
				CLANG_WARN_INT_CONVERSION = YES;
				CLANG_WARN_NON_LITERAL_NULL_CONVERSION = YES;
				CLANG_WARN_OBJC_IMPLICIT_RETAIN_SELF = YES;
				CLANG_WARN_OBJC_LITERAL_CONVERSION = YES;
				CLANG_WARN_OBJC_ROOT_CLASS = YES_ERROR;
				CLANG_WARN_RANGE_LOOP_ANALYSIS = YES;
				CLANG_WARN_STRICT_PROTOTYPES = YES;
				CLANG_WARN_SUSPICIOUS_MOVE = YES;
				CLANG_WARN_UNGUARDED_AVAILABILITY = YES_AGGRESSIVE;
				CLANG_WARN_UNREACHABLE_CODE = YES;
				CLANG_WARN__DUPLICATE_METHOD_MATCH = YES;
				CODE_SIGN_IDENTITY = "iPhone Developer";
				COPY_PHASE_STRIP = NO;
				DEBUG_INFORMATION_FORMAT = dwarf;
				ENABLE_STRICT_OBJC_MSGSEND = YES;
				ENABLE_TESTABILITY = YES;
				GCC_C_LANGUAGE_STANDARD = gnu11;
				GCC_DYNAMIC_NO_PIC = NO;
				GCC_NO_COMMON_BLOCKS = YES;
				GCC_OPTIMIZATION_LEVEL = 0;
				GCC_PREPROCESSOR_DEFINITIONS = (
					"DEBUG=1",
					"$(inherited)",
				);
				GCC_WARN_64_TO_32_BIT_CONVERSION = YES;
				GCC_WARN_ABOUT_RETURN_TYPE = YES_ERROR;
				GCC_WARN_UNDECLARED_SELECTOR = YES;
				GCC_WARN_UNINITIALIZED_AUTOS = YES_AGGRESSIVE;
				GCC_WARN_UNUSED_FUNCTION = YES;
				GCC_WARN_UNUSED_VARIABLE = YES;
				IPHONEOS_DEPLOYMENT_TARGET = 12.2;
				MTL_ENABLE_DEBUG_INFO = INCLUDE_SOURCE;
				MTL_FAST_MATH = YES;
				ONLY_ACTIVE_ARCH = YES;
				SDKROOT = iphoneos;
				SWIFT_ACTIVE_COMPILATION_CONDITIONS = DEBUG;
				SWIFT_OPTIMIZATION_LEVEL = "-Onone";
			};
			name = Debug;
		};
		890AC1AD22BA206C00391145 /* Release */ = {
			isa = XCBuildConfiguration;
			buildSettings = {
				ALWAYS_SEARCH_USER_PATHS = NO;
				CLANG_ANALYZER_NONNULL = YES;
				CLANG_ANALYZER_NUMBER_OBJECT_CONVERSION = YES_AGGRESSIVE;
				CLANG_CXX_LANGUAGE_STANDARD = "gnu++14";
				CLANG_CXX_LIBRARY = "libc++";
				CLANG_ENABLE_MODULES = YES;
				CLANG_ENABLE_OBJC_ARC = YES;
				CLANG_ENABLE_OBJC_WEAK = YES;
				CLANG_WARN_BLOCK_CAPTURE_AUTORELEASING = YES;
				CLANG_WARN_BOOL_CONVERSION = YES;
				CLANG_WARN_COMMA = YES;
				CLANG_WARN_CONSTANT_CONVERSION = YES;
				CLANG_WARN_DEPRECATED_OBJC_IMPLEMENTATIONS = YES;
				CLANG_WARN_DIRECT_OBJC_ISA_USAGE = YES_ERROR;
				CLANG_WARN_DOCUMENTATION_COMMENTS = YES;
				CLANG_WARN_EMPTY_BODY = YES;
				CLANG_WARN_ENUM_CONVERSION = YES;
				CLANG_WARN_INFINITE_RECURSION = YES;
				CLANG_WARN_INT_CONVERSION = YES;
				CLANG_WARN_NON_LITERAL_NULL_CONVERSION = YES;
				CLANG_WARN_OBJC_IMPLICIT_RETAIN_SELF = YES;
				CLANG_WARN_OBJC_LITERAL_CONVERSION = YES;
				CLANG_WARN_OBJC_ROOT_CLASS = YES_ERROR;
				CLANG_WARN_RANGE_LOOP_ANALYSIS = YES;
				CLANG_WARN_STRICT_PROTOTYPES = YES;
				CLANG_WARN_SUSPICIOUS_MOVE = YES;
				CLANG_WARN_UNGUARDED_AVAILABILITY = YES_AGGRESSIVE;
				CLANG_WARN_UNREACHABLE_CODE = YES;
				CLANG_WARN__DUPLICATE_METHOD_MATCH = YES;
				CODE_SIGN_IDENTITY = "iPhone Developer";
				COPY_PHASE_STRIP = NO;
				DEBUG_INFORMATION_FORMAT = "dwarf-with-dsym";
				ENABLE_NS_ASSERTIONS = NO;
				ENABLE_STRICT_OBJC_MSGSEND = YES;
				GCC_C_LANGUAGE_STANDARD = gnu11;
				GCC_NO_COMMON_BLOCKS = YES;
				GCC_WARN_64_TO_32_BIT_CONVERSION = YES;
				GCC_WARN_ABOUT_RETURN_TYPE = YES_ERROR;
				GCC_WARN_UNDECLARED_SELECTOR = YES;
				GCC_WARN_UNINITIALIZED_AUTOS = YES_AGGRESSIVE;
				GCC_WARN_UNUSED_FUNCTION = YES;
				GCC_WARN_UNUSED_VARIABLE = YES;
				IPHONEOS_DEPLOYMENT_TARGET = 12.2;
				MTL_ENABLE_DEBUG_INFO = NO;
				MTL_FAST_MATH = YES;
				SDKROOT = iphoneos;
				SWIFT_COMPILATION_MODE = wholemodule;
				SWIFT_OPTIMIZATION_LEVEL = "-O";
				VALIDATE_PRODUCT = YES;
			};
			name = Release;
		};
		890AC1AF22BA206C00391145 /* Debug */ = {
			isa = XCBuildConfiguration;
			baseConfigurationReference = D32526880F06A23A47DCF993 /* Pods-swiftplay.debug.xcconfig */;
			buildSettings = {
				ASSETCATALOG_COMPILER_APPICON_NAME = AppIcon;
				CODE_SIGN_STYLE = Automatic;
				DEVELOPMENT_TEAM = 63GKWVGJ3K;
				INFOPLIST_FILE = swiftplay/Info.plist;
				LD_RUNPATH_SEARCH_PATHS = (
					"$(inherited)",
					"@executable_path/Frameworks",
				);
				PRODUCT_BUNDLE_IDENTIFIER = com.ark.ryan.swiftplay;
				PRODUCT_NAME = "$(TARGET_NAME)";
				SWIFT_VERSION = 5.0;
				TARGETED_DEVICE_FAMILY = "1,2";
			};
			name = Debug;
		};
		890AC1B022BA206C00391145 /* Release */ = {
			isa = XCBuildConfiguration;
			baseConfigurationReference = E54634930195A385001C927A /* Pods-swiftplay.release.xcconfig */;
			buildSettings = {
				ASSETCATALOG_COMPILER_APPICON_NAME = AppIcon;
				CODE_SIGN_STYLE = Automatic;
				DEVELOPMENT_TEAM = 63GKWVGJ3K;
				INFOPLIST_FILE = swiftplay/Info.plist;
				LD_RUNPATH_SEARCH_PATHS = (
					"$(inherited)",
					"@executable_path/Frameworks",
				);
				PRODUCT_BUNDLE_IDENTIFIER = com.ark.ryan.swiftplay;
				PRODUCT_NAME = "$(TARGET_NAME)";
				SWIFT_VERSION = 5.0;
				TARGETED_DEVICE_FAMILY = "1,2";
			};
			name = Release;
		};
/* End XCBuildConfiguration section */

/* Begin XCConfigurationList section */
		890AC19722BA206A00391145 /* Build configuration list for PBXProject "swiftplay" */ = {
			isa = XCConfigurationList;
			buildConfigurations = (
				890AC1AC22BA206C00391145 /* Debug */,
				890AC1AD22BA206C00391145 /* Release */,
			);
			defaultConfigurationIsVisible = 0;
			defaultConfigurationName = Release;
		};
		890AC1AE22BA206C00391145 /* Build configuration list for PBXNativeTarget "swiftplay" */ = {
			isa = XCConfigurationList;
			buildConfigurations = (
				890AC1AF22BA206C00391145 /* Debug */,
				890AC1B022BA206C00391145 /* Release */,
			);
			defaultConfigurationIsVisible = 0;
			defaultConfigurationName = Release;
		};
/* End XCConfigurationList section */
	};
	rootObject = 890AC19422BA206A00391145 /* Project object */;
}
